
Microsoft Visual Studio Solution File, Format Version 11.00
# Visual Studio 2010
Project("{FAE04EC0-301F-11D3-BF4B-00C04F79EFBC}") = "SolrCodeCamp.Etl", "SolrCodeCamp.Etl\SolrCodeCamp.Etl.csproj", "{CB5AE39A-22CD-4A68-9D63-D5C79945BA02}"
EndProject
Project("{FAE04EC0-301F-11D3-BF4B-00C04F79EFBC}") = "SolrCodeCamp.Shared", "SolrCodeCamp.Shared\SolrCodeCamp.Shared.csproj", "{D87DF1EA-1612-495F-8455-31374E60AD07}"
EndProject
Project("{2150E333-8FDC-42A3-9474-1A3956D46DE8}") = "SolrConfig", "SolrConfig", "{EDE8FF83-0B56-4202-ACE3-AA4D519D3C5E}"
	ProjectSection(SolutionItems) = preProject
		ApacheSolrWithAspMvc.pptx = ApacheSolrWithAspMvc.pptx
		Data\IDS\parkcode.txt = Data\IDS\parkcode.txt
		Data\IDS\people.txt = Data\IDS\people.txt
		README.txt = README.txt
		Config\conf\schema.xml = Config\conf\schema.xml
		Config\conf\solrconfig.xml = Config\conf\solrconfig.xml
		Data\IDS\TEAMABR.TXT = Data\IDS\TEAMABR.TXT
	EndProjectSection
EndProject
Project("{FAE04EC0-301F-11D3-BF4B-00C04F79EFBC}") = "SolrCodeCamp.BaseballWeb", "SolrCodeCamp.BaseballWeb\SolrCodeCamp.BaseballWeb.csproj", "{AA2F2649-2412-434F-BC54-6DCB61C56934}"
EndProject
Project("{2150E333-8FDC-42A3-9474-1A3956D46DE8}") = "Data", "Data", "{1DF0C830-2DF6-451C-AF2F-0EDB1E37C77A}"
	ProjectSection(SolutionItems) = preProject
		Data\GL1871.TXT = Data\GL1871.TXT
		Data\GL1872.TXT = Data\GL1872.TXT
		Data\GL1873.TXT = Data\GL1873.TXT
		Data\GL1874.TXT = Data\GL1874.TXT
		Data\GL1875.TXT = Data\GL1875.TXT
		Data\GL1876.TXT = Data\GL1876.TXT
		Data\GL1877.TXT = Data\GL1877.TXT
		Data\GL1878.TXT = Data\GL1878.TXT
		Data\GL1879.TXT = Data\GL1879.TXT
		Data\GL1880.TXT = Data\GL1880.TXT
		Data\GL1881.TXT = Data\GL1881.TXT
		Data\GL1882.TXT = Data\GL1882.TXT
		Data\GL1883.TXT = Data\GL1883.TXT
		Data\GL1884.TXT = Data\GL1884.TXT
		Data\GL1885.TXT = Data\GL1885.TXT
		Data\GL1886.TXT = Data\GL1886.TXT
		Data\GL1887.TXT = Data\GL1887.TXT
		Data\GL1888.TXT = Data\GL1888.TXT
		Data\GL1889.TXT = Data\GL1889.TXT
		Data\GL1890.TXT = Data\GL1890.TXT
		Data\GL1891.TXT = Data\GL1891.TXT
		Data\GL1892.TXT = Data\GL1892.TXT
		Data\GL1893.TXT = Data\GL1893.TXT
		Data\GL1894.TXT = Data\GL1894.TXT
		Data\GL1895.TXT = Data\GL1895.TXT
		Data\GL1896.TXT = Data\GL1896.TXT
		Data\GL1897.TXT = Data\GL1897.TXT
		Data\GL1898.TXT = Data\GL1898.TXT
		Data\GL1899.TXT = Data\GL1899.TXT
		Data\GL1900.TXT = Data\GL1900.TXT
		Data\GL1901.TXT = Data\GL1901.TXT
		Data\GL1902.TXT = Data\GL1902.TXT
		Data\GL1903.TXT = Data\GL1903.TXT
		Data\GL1904.TXT = Data\GL1904.TXT
		Data\GL1905.TXT = Data\GL1905.TXT
		Data\GL1906.TXT = Data\GL1906.TXT
		Data\GL1907.TXT = Data\GL1907.TXT
		Data\GL1908.TXT = Data\GL1908.TXT
		Data\GL1909.TXT = Data\GL1909.TXT
		Data\GL1910.TXT = Data\GL1910.TXT
		Data\GL1911.TXT = Data\GL1911.TXT
		Data\GL1912.TXT = Data\GL1912.TXT
		Data\GL1913.TXT = Data\GL1913.TXT
		Data\GL1914.TXT = Data\GL1914.TXT
		Data\GL1915.TXT = Data\GL1915.TXT
		Data\GL1916.TXT = Data\GL1916.TXT
		Data\GL1917.TXT = Data\GL1917.TXT
		Data\GL1918.TXT = Data\GL1918.TXT
		Data\GL1919.TXT = Data\GL1919.TXT
		Data\GL1920.TXT = Data\GL1920.TXT
		Data\GL1921.TXT = Data\GL1921.TXT
		Data\GL1922.TXT = Data\GL1922.TXT
		Data\GL1923.TXT = Data\GL1923.TXT
		Data\GL1924.TXT = Data\GL1924.TXT
		Data\GL1925.TXT = Data\GL1925.TXT
		Data\GL1926.TXT = Data\GL1926.TXT
		Data\GL1927.TXT = Data\GL1927.TXT
		Data\GL1928.TXT = Data\GL1928.TXT
		Data\GL1929.TXT = Data\GL1929.TXT
		Data\GL1930.TXT = Data\GL1930.TXT
		Data\GL1931.TXT = Data\GL1931.TXT
		Data\GL1932.TXT = Data\GL1932.TXT
		Data\GL1933.TXT = Data\GL1933.TXT
		Data\GL1934.TXT = Data\GL1934.TXT
		Data\GL1935.TXT = Data\GL1935.TXT
		Data\GL1936.TXT = Data\GL1936.TXT
		Data\GL1937.TXT = Data\GL1937.TXT
		Data\GL1938.TXT = Data\GL1938.TXT
		Data\GL1939.TXT = Data\GL1939.TXT
		Data\GL1940.TXT = Data\GL1940.TXT
		Data\GL1941.TXT = Data\GL1941.TXT
		Data\GL1942.TXT = Data\GL1942.TXT
		Data\GL1943.TXT = Data\GL1943.TXT
		Data\GL1944.TXT = Data\GL1944.TXT
		Data\GL1945.TXT = Data\GL1945.TXT
		Data\GL1946.TXT = Data\GL1946.TXT
		Data\GL1947.TXT = Data\GL1947.TXT
		Data\GL1948.TXT = Data\GL1948.TXT
		Data\GL1949.TXT = Data\GL1949.TXT
		Data\GL1950.TXT = Data\GL1950.TXT
		Data\GL1951.TXT = Data\GL1951.TXT
		Data\GL1952.TXT = Data\GL1952.TXT
		Data\GL1953.TXT = Data\GL1953.TXT
		Data\GL1954.TXT = Data\GL1954.TXT
		Data\GL1955.TXT = Data\GL1955.TXT
		Data\GL1956.TXT = Data\GL1956.TXT
		Data\GL1957.TXT = Data\GL1957.TXT
		Data\GL1958.TXT = Data\GL1958.TXT
		Data\GL1959.TXT = Data\GL1959.TXT
		Data\GL1960.TXT = Data\GL1960.TXT
		Data\GL1961.TXT = Data\GL1961.TXT
		Data\GL1962.TXT = Data\GL1962.TXT
		Data\GL1963.TXT = Data\GL1963.TXT
		Data\GL1964.TXT = Data\GL1964.TXT
		Data\GL1965.TXT = Data\GL1965.TXT
		Data\GL1966.TXT = Data\GL1966.TXT
		Data\GL1967.TXT = Data\GL1967.TXT
		Data\GL1968.TXT = Data\GL1968.TXT
		Data\GL1969.TXT = Data\GL1969.TXT
		Data\GL1970.TXT = Data\GL1970.TXT
		Data\GL1971.TXT = Data\GL1971.TXT
		Data\GL1972.TXT = Data\GL1972.TXT
		Data\GL1973.TXT = Data\GL1973.TXT
		Data\GL1974.TXT = Data\GL1974.TXT
		Data\GL1975.TXT = Data\GL1975.TXT
		Data\GL1976.TXT = Data\GL1976.TXT
		Data\GL1977.TXT = Data\GL1977.TXT
		Data\GL1978.TXT = Data\GL1978.TXT
		Data\GL1979.TXT = Data\GL1979.TXT
		Data\GL1980.TXT = Data\GL1980.TXT
		Data\GL1981.TXT = Data\GL1981.TXT
		Data\GL1982.TXT = Data\GL1982.TXT
		Data\GL1983.TXT = Data\GL1983.TXT
		Data\GL1984.TXT = Data\GL1984.TXT
		Data\GL1985.TXT = Data\GL1985.TXT
		Data\GL1986.TXT = Data\GL1986.TXT
		Data\GL1987.TXT = Data\GL1987.TXT
		Data\GL1988.TXT = Data\GL1988.TXT
		Data\GL1989.TXT = Data\GL1989.TXT
		Data\GL1990.TXT = Data\GL1990.TXT
		Data\GL1991.TXT = Data\GL1991.TXT
		Data\GL1992.TXT = Data\GL1992.TXT
		Data\GL1993.TXT = Data\GL1993.TXT
		Data\GL1994.TXT = Data\GL1994.TXT
		Data\GL1995.TXT = Data\GL1995.TXT
		Data\GL1996.TXT = Data\GL1996.TXT
		Data\GL1997.TXT = Data\GL1997.TXT
		Data\GL1998.TXT = Data\GL1998.TXT
		Data\GL1999.TXT = Data\GL1999.TXT
		Data\GL2000.TXT = Data\GL2000.TXT
		Data\GL2001.TXT = Data\GL2001.TXT
		Data\GL2002.TXT = Data\GL2002.TXT
		Data\GL2003.TXT = Data\GL2003.TXT
		Data\GL2004.TXT = Data\GL2004.TXT
		Data\GL2005.TXT = Data\GL2005.TXT
		Data\GL2006.TXT = Data\GL2006.TXT
		Data\GL2007.TXT = Data\GL2007.TXT
		Data\GL2008.TXT = Data\GL2008.TXT
		Data\GL2009.TXT = Data\GL2009.TXT
	EndProjectSection
EndProject
Global
	GlobalSection(SolutionConfigurationPlatforms) = preSolution
		Debug|Any CPU = Debug|Any CPU
		Debug|Mixed Platforms = Debug|Mixed Platforms
		Debug|x86 = Debug|x86
		Release|Any CPU = Release|Any CPU
		Release|Mixed Platforms = Release|Mixed Platforms
		Release|x86 = Release|x86
	EndGlobalSection
	GlobalSection(ProjectConfigurationPlatforms) = postSolution
		{CB5AE39A-22CD-4A68-9D63-D5C79945BA02}.Debug|Any CPU.ActiveCfg = Debug|x86
		{CB5AE39A-22CD-4A68-9D63-D5C79945BA02}.Debug|Mixed Platforms.ActiveCfg = Debug|x86
		{CB5AE39A-22CD-4A68-9D63-D5C79945BA02}.Debug|Mixed Platforms.Build.0 = Debug|x86
		{CB5AE39A-22CD-4A68-9D63-D5C79945BA02}.Debug|x86.ActiveCfg = Debug|x86
		{CB5AE39A-22CD-4A68-9D63-D5C79945BA02}.Debug|x86.Build.0 = Debug|x86
		{CB5AE39A-22CD-4A68-9D63-D5C79945BA02}.Release|Any CPU.ActiveCfg = Release|x86
		{CB5AE39A-22CD-4A68-9D63-D5C79945BA02}.Release|Mixed Platforms.ActiveCfg = Release|x86
		{CB5AE39A-22CD-4A68-9D63-D5C79945BA02}.Release|Mixed Platforms.Build.0 = Release|x86
		{CB5AE39A-22CD-4A68-9D63-D5C79945BA02}.Release|x86.ActiveCfg = Release|x86
		{CB5AE39A-22CD-4A68-9D63-D5C79945BA02}.Release|x86.Build.0 = Release|x86
		{D87DF1EA-1612-495F-8455-31374E60AD07}.Debug|Any CPU.ActiveCfg = Debug|Any CPU
		{D87DF1EA-1612-495F-8455-31374E60AD07}.Debug|Any CPU.Build.0 = Debug|Any CPU
		{D87DF1EA-1612-495F-8455-31374E60AD07}.Debug|Mixed Platforms.ActiveCfg = Debug|Any CPU
		{D87DF1EA-1612-495F-8455-31374E60AD07}.Debug|Mixed Platforms.Build.0 = Debug|Any CPU
		{D87DF1EA-1612-495F-8455-31374E60AD07}.Debug|x86.ActiveCfg = Debug|Any CPU
		{D87DF1EA-1612-495F-8455-31374E60AD07}.Release|Any CPU.ActiveCfg = Release|Any CPU
		{D87DF1EA-1612-495F-8455-31374E60AD07}.Release|Any CPU.Build.0 = Release|Any CPU
		{D87DF1EA-1612-495F-8455-31374E60AD07}.Release|Mixed Platforms.ActiveCfg = Release|Any CPU
		{D87DF1EA-1612-495F-8455-31374E60AD07}.Release|Mixed Platforms.Build.0 = Release|Any CPU
		{D87DF1EA-1612-495F-8455-31374E60AD07}.Release|x86.ActiveCfg = Release|Any CPU
		{AA2F2649-2412-434F-BC54-6DCB61C56934}.Debug|Any CPU.ActiveCfg = Debug|Any CPU
		{AA2F2649-2412-434F-BC54-6DCB61C56934}.Debug|Any CPU.Build.0 = Debug|Any CPU
		{AA2F2649-2412-434F-BC54-6DCB61C56934}.Debug|Mixed Platforms.ActiveCfg = Debug|Any CPU
		{AA2F2649-2412-434F-BC54-6DCB61C56934}.Debug|Mixed Platforms.Build.0 = Debug|Any CPU
		{AA2F2649-2412-434F-BC54-6DCB61C56934}.Debug|x86.ActiveCfg = Debug|Any CPU
		{AA2F2649-2412-434F-BC54-6DCB61C56934}.Release|Any CPU.ActiveCfg = Release|Any CPU
		{AA2F2649-2412-434F-BC54-6DCB61C56934}.Release|Any CPU.Build.0 = Release|Any CPU
		{AA2F2649-2412-434F-BC54-6DCB61C56934}.Release|Mixed Platforms.ActiveCfg = Release|Any CPU
		{AA2F2649-2412-434F-BC54-6DCB61C56934}.Release|Mixed Platforms.Build.0 = Release|Any CPU
		{AA2F2649-2412-434F-BC54-6DCB61C56934}.Release|x86.ActiveCfg = Release|Any CPU
	EndGlobalSection
	GlobalSection(SolutionProperties) = preSolution
		HideSolutionNode = FALSE
	EndGlobalSection
	GlobalSection(NestedProjects) = preSolution
		{1DF0C830-2DF6-451C-AF2F-0EDB1E37C77A} = {EDE8FF83-0B56-4202-ACE3-AA4D519D3C5E}
	EndGlobalSection
EndGlobal
